
Microsoft Visual Studio Solution File, Format Version 12.00
# Visual Studio Version 17
VisualStudioVersion = 17.0.31903.59
MinimumVisualStudioVersion = 10.0.40219.1
Project("{2150E333-8FDC-42A3-9474-1A3956D46DE8}") = "src", "src", "{827E0CD3-B72D-47B6-A68D-7590B98EB39B}"
EndProject
Project("{FAE04EC0-301F-11D3-BF4B-00C04F79EFBC}") = "OpenAudioOrchestrator.Web", "src\OpenAudioOrchestrator.Web\OpenAudioOrchestrator.Web.csproj", "{A5AF7FB6-6A6B-4D61-B27F-73C504C1E5BA}"
EndProject
Project("{2150E333-8FDC-42A3-9474-1A3956D46DE8}") = "tests", "tests", "{0AB3BF05-4346-4AA6-1389-037BE0695223}"
EndProject
Project("{FAE04EC0-301F-11D3-BF4B-00C04F79EFBC}") = "OpenAudioOrchestrator.Tests", "tests\OpenAudioOrchestrator.Tests\OpenAudioOrchestrator.Tests.csproj", "{276E363B-4CF3-4996-9399-E41EFCE6597C}"
EndProject
Global
	GlobalSection(SolutionConfigurationPlatforms) = preSolution
		Debug|Any CPU = Debug|Any CPU
		Debug|x64 = Debug|x64
		Debug|x86 = Debug|x86
		Release|Any CPU = Release|Any CPU
		Release|x64 = Release|x64
		Release|x86 = Release|x86
	EndGlobalSection
	GlobalSection(ProjectConfigurationPlatforms) = postSolution
		{A5AF7FB6-6A6B-4D61-B27F-73C504C1E5BA}.Debug|Any CPU.ActiveCfg = Debug|Any CPU
		{A5AF7FB6-6A6B-4D61-B27F-73C504C1E5BA}.Debug|Any CPU.Build.0 = Debug|Any CPU
		{A5AF7FB6-6A6B-4D61-B27F-73C504C1E5BA}.Debug|x64.ActiveCfg = Debug|Any CPU
		{A5AF7FB6-6A6B-4D61-B27F-73C504C1E5BA}.Debug|x64.Build.0 = Debug|Any CPU
		{A5AF7FB6-6A6B-4D61-B27F-73C504C1E5BA}.Debug|x86.ActiveCfg = Debug|Any CPU
		{A5AF7FB6-6A6B-4D61-B27F-73C504C1E5BA}.Debug|x86.Build.0 = Debug|Any CPU
		{A5AF7FB6-6A6B-4D61-B27F-73C504C1E5BA}.Release|Any CPU.ActiveCfg = Release|Any CPU
		{A5AF7FB6-6A6B-4D61-B27F-73C504C1E5BA}.Release|Any CPU.Build.0 = Release|Any CPU
		{A5AF7FB6-6A6B-4D61-B27F-73C504C1E5BA}.Release|x64.ActiveCfg = Release|Any CPU
		{A5AF7FB6-6A6B-4D61-B27F-73C504C1E5BA}.Release|x64.Build.0 = Release|Any CPU
		{A5AF7FB6-6A6B-4D61-B27F-73C504C1E5BA}.Release|x86.ActiveCfg = Release|Any CPU
		{A5AF7FB6-6A6B-4D61-B27F-73C504C1E5BA}.Release|x86.Build.0 = Release|Any CPU
		{276E363B-4CF3-4996-9399-E41EFCE6597C}.Debug|Any CPU.ActiveCfg = Debug|Any CPU
		{276E363B-4CF3-4996-9399-E41EFCE6597C}.Debug|Any CPU.Build.0 = Debug|Any CPU
		{276E363B-4CF3-4996-9399-E41EFCE6597C}.Debug|x64.ActiveCfg = Debug|Any CPU
		{276E363B-4CF3-4996-9399-E41EFCE6597C}.Debug|x64.Build.0 = Debug|Any CPU
		{276E363B-4CF3-4996-9399-E41EFCE6597C}.Debug|x86.ActiveCfg = Debug|Any CPU
		{276E363B-4CF3-4996-9399-E41EFCE6597C}.Debug|x86.Build.0 = Debug|Any CPU
		{276E363B-4CF3-4996-9399-E41EFCE6597C}.Release|Any CPU.ActiveCfg = Release|Any CPU
		{276E363B-4CF3-4996-9399-E41EFCE6597C}.Release|Any CPU.Build.0 = Release|Any CPU
		{276E363B-4CF3-4996-9399-E41EFCE6597C}.Release|x64.ActiveCfg = Release|Any CPU
		{276E363B-4CF3-4996-9399-E41EFCE6597C}.Release|x64.Build.0 = Release|Any CPU
		{276E363B-4CF3-4996-9399-E41EFCE6597C}.Release|x86.ActiveCfg = Release|Any CPU
		{276E363B-4CF3-4996-9399-E41EFCE6597C}.Release|x86.Build.0 = Release|Any CPU
	EndGlobalSection
	GlobalSection(SolutionProperties) = preSolution
		HideSolutionNode = FALSE
	EndGlobalSection
	GlobalSection(NestedProjects) = preSolution
		{A5AF7FB6-6A6B-4D61-B27F-73C504C1E5BA} = {827E0CD3-B72D-47B6-A68D-7590B98EB39B}
		{276E363B-4CF3-4996-9399-E41EFCE6597C} = {0AB3BF05-4346-4AA6-1389-037BE0695223}
	EndGlobalSection
EndGlobal
